
Microsoft Visual Studio Solution File, Format Version 12.00
# Visual Studio Version 17
Project("{8BC9CEB8-8B4A-11D0-8D11-00A0C91BC942}") = "ALL_BUILD", "ALL_BUILD.vcxproj", "{6D36D463-3068-324B-9B86-1AEEBC37CD98}"
	ProjectSection(ProjectDependencies) = postProject
		{DAF68EF4-154E-3144-B14C-DFD45FA0BFAE} = {DAF68EF4-154E-3144-B14C-DFD45FA0BFAE}
		{3EF2AA5E-B1CC-39C8-A2C6-96C5907D8042} = {3EF2AA5E-B1CC-39C8-A2C6-96C5907D8042}
		{488E9B4C-C27E-3B07-B004-05BE7711CEAE} = {488E9B4C-C27E-3B07-B004-05BE7711CEAE}
		{E048F71C-746E-3FD3-A42A-71B0A7DE5E41} = {E048F71C-746E-3FD3-A42A-71B0A7DE5E41}
		{4B0F4268-8512-340C-88FF-CFFE98212940} = {4B0F4268-8512-340C-88FF-CFFE98212940}
		{6303C533-0DE4-352B-A2EC-51AB4B77B972} = {6303C533-0DE4-352B-A2EC-51AB4B77B972}
		{C0CCA2D6-BF94-3ADC-B964-4B383E1468A5} = {C0CCA2D6-BF94-3ADC-B964-4B383E1468A5}
		{8BDA9B6B-308D-3492-9D6F-C04EB59E0ABA} = {8BDA9B6B-308D-3492-9D6F-C04EB59E0ABA}
		{C01814ED-DAF9-30D8-AF04-DC4A0BEC0790} = {C01814ED-DAF9-30D8-AF04-DC4A0BEC0790}
		{B822B760-D2C3-3A1B-961D-E4D8B1720E85} = {B822B760-D2C3-3A1B-961D-E4D8B1720E85}
		{6AE1A83B-1E47-334D-B689-C0C01AB2AF1D} = {6AE1A83B-1E47-334D-B689-C0C01AB2AF1D}
		{55D28FE8-5CF6-3B86-9EC0-EA9F30AEABBE} = {55D28FE8-5CF6-3B86-9EC0-EA9F30AEABBE}
		{FC9667AF-0670-340C-988D-A6B658AFB589} = {FC9667AF-0670-340C-988D-A6B658AFB589}
		{3801EF5E-C0A4-32E1-A4E8-393AE45214E9} = {3801EF5E-C0A4-32E1-A4E8-393AE45214E9}
		{B588B9F6-4F40-34AD-803A-757B268429ED} = {B588B9F6-4F40-34AD-803A-757B268429ED}
		{8FEB612B-0FFB-3C39-BACF-727752A24C26} = {8FEB612B-0FFB-3C39-BACF-727752A24C26}
		{0581D3A1-7B1D-3FA8-8937-27B5AC6F5C7D} = {0581D3A1-7B1D-3FA8-8937-27B5AC6F5C7D}
		{3CC4B6D4-B7CD-323D-A3CC-5702AE241E8F} = {3CC4B6D4-B7CD-323D-A3CC-5702AE241E8F}
		{C742436D-7EDD-3361-A781-72088D83D777} = {C742436D-7EDD-3361-A781-72088D83D777}
		{2DF9F973-3E97-3567-80F8-23CA91719A3B} = {2DF9F973-3E97-3567-80F8-23CA91719A3B}
		{B320BB5C-5CC2-38A0-AF76-0358590E46CA} = {B320BB5C-5CC2-38A0-AF76-0358590E46CA}
		{6BF416EA-284F-39C2-ACA0-13D7DF69435A} = {6BF416EA-284F-39C2-ACA0-13D7DF69435A}
		{F5D46357-73FD-3054-8B2A-A788CC7653BB} = {F5D46357-73FD-3054-8B2A-A788CC7653BB}
		{F239A2D5-D4E5-3384-BD23-926016F20154} = {F239A2D5-D4E5-3384-BD23-926016F20154}
		{E9828B6B-D8DD-34DF-907E-BB1C56CC0B99} = {E9828B6B-D8DD-34DF-907E-BB1C56CC0B99}
		{13C335B7-2C7F-3A13-8819-AC0B08FB5454} = {13C335B7-2C7F-3A13-8819-AC0B08FB5454}
		{671BD71E-A206-31E0-B7BF-EE1B3F5E7A0E} = {671BD71E-A206-31E0-B7BF-EE1B3F5E7A0E}
		{8D75B2A0-8187-3735-B262-941D96E390B5} = {8D75B2A0-8187-3735-B262-941D96E390B5}
		{B733C616-55B3-34B2-B894-685EF1836CCF} = {B733C616-55B3-34B2-B894-685EF1836CCF}
		{958B3EE2-3942-3B10-B7D5-FDCA41C0E7C2} = {958B3EE2-3942-3B10-B7D5-FDCA41C0E7C2}
		{9A03B80D-E242-3B8E-AEA8-575A1BD51FCF} = {9A03B80D-E242-3B8E-AEA8-575A1BD51FCF}
		{978C0868-416F-3EF2-B268-93FF7D2A03C1} = {978C0868-416F-3EF2-B268-93FF7D2A03C1}
		{A15F3F42-64D4-36B7-8BBA-CCA35E19AFDA} = {A15F3F42-64D4-36B7-8BBA-CCA35E19AFDA}
		{CA0A99D7-2265-3EF5-AC46-16C9898627B6} = {CA0A99D7-2265-3EF5-AC46-16C9898627B6}
		{57A835F8-7F51-3082-8491-42B473D831BC} = {57A835F8-7F51-3082-8491-42B473D831BC}
		{19E09734-43B1-3E4B-90D8-ACCCB3C55971} = {19E09734-43B1-3E4B-90D8-ACCCB3C55971}
		{CBB25769-4FBF-3DC6-8C7E-41BC01B477AF} = {CBB25769-4FBF-3DC6-8C7E-41BC01B477AF}
		{6AAC6BED-CBA5-3BB3-8B40-42231C30BD56} = {6AAC6BED-CBA5-3BB3-8B40-42231C30BD56}
	EndProjectSection
EndProject
Project("{8BC9CEB8-8B4A-11D0-8D11-00A0C91BC942}") = "3dview", "freeglut-3.4.0\3dview.vcxproj", "{DAF68EF4-154E-3144-B14C-DFD45FA0BFAE}"
	ProjectSection(ProjectDependencies) = postProject
		{3801EF5E-C0A4-32E1-A4E8-393AE45214E9} = {3801EF5E-C0A4-32E1-A4E8-393AE45214E9}
		{B588B9F6-4F40-34AD-803A-757B268429ED} = {B588B9F6-4F40-34AD-803A-757B268429ED}
	EndProjectSection
EndProject
Project("{8BC9CEB8-8B4A-11D0-8D11-00A0C91BC942}") = "3dview_static", "freeglut-3.4.0\3dview_static.vcxproj", "{3EF2AA5E-B1CC-39C8-A2C6-96C5907D8042}"
	ProjectSection(ProjectDependencies) = postProject
		{3801EF5E-C0A4-32E1-A4E8-393AE45214E9} = {3801EF5E-C0A4-32E1-A4E8-393AE45214E9}
		{8FEB612B-0FFB-3C39-BACF-727752A24C26} = {8FEB612B-0FFB-3C39-BACF-727752A24C26}
	EndProjectSection
EndProject
Project("{8BC9CEB8-8B4A-11D0-8D11-00A0C91BC942}") = "CallbackMaker", "freeglut-3.4.0\CallbackMaker.vcxproj", "{488E9B4C-C27E-3B07-B004-05BE7711CEAE}"
	ProjectSection(ProjectDependencies) = postProject
		{3801EF5E-C0A4-32E1-A4E8-393AE45214E9} = {3801EF5E-C0A4-32E1-A4E8-393AE45214E9}
		{B588B9F6-4F40-34AD-803A-757B268429ED} = {B588B9F6-4F40-34AD-803A-757B268429ED}
	EndProjectSection
EndProject
Project("{8BC9CEB8-8B4A-11D0-8D11-00A0C91BC942}") = "CallbackMaker_static", "freeglut-3.4.0\CallbackMaker_static.vcxproj", "{E048F71C-746E-3FD3-A42A-71B0A7DE5E41}"
	ProjectSection(ProjectDependencies) = postProject
		{3801EF5E-C0A4-32E1-A4E8-393AE45214E9} = {3801EF5E-C0A4-32E1-A4E8-393AE45214E9}
		{8FEB612B-0FFB-3C39-BACF-727752A24C26} = {8FEB612B-0FFB-3C39-BACF-727752A24C26}
	EndProjectSection
EndProject
Project("{8BC9CEB8-8B4A-11D0-8D11-00A0C91BC942}") = "Fractals", "freeglut-3.4.0\Fractals.vcxproj", "{4B0F4268-8512-340C-88FF-CFFE98212940}"
	ProjectSection(ProjectDependencies) = postProject
		{3801EF5E-C0A4-32E1-A4E8-393AE45214E9} = {3801EF5E-C0A4-32E1-A4E8-393AE45214E9}
		{B588B9F6-4F40-34AD-803A-757B268429ED} = {B588B9F6-4F40-34AD-803A-757B268429ED}
	EndProjectSection
EndProject
Project("{8BC9CEB8-8B4A-11D0-8D11-00A0C91BC942}") = "Fractals_random", "freeglut-3.4.0\Fractals_random.vcxproj", "{6303C533-0DE4-352B-A2EC-51AB4B77B972}"
	ProjectSection(ProjectDependencies) = postProject
		{3801EF5E-C0A4-32E1-A4E8-393AE45214E9} = {3801EF5E-C0A4-32E1-A4E8-393AE45214E9}
		{B588B9F6-4F40-34AD-803A-757B268429ED} = {B588B9F6-4F40-34AD-803A-757B268429ED}
	EndProjectSection
EndProject
Project("{8BC9CEB8-8B4A-11D0-8D11-00A0C91BC942}") = "Fractals_random_static", "freeglut-3.4.0\Fractals_random_static.vcxproj", "{C0CCA2D6-BF94-3ADC-B964-4B383E1468A5}"
	ProjectSection(ProjectDependencies) = postProject
		{3801EF5E-C0A4-32E1-A4E8-393AE45214E9} = {3801EF5E-C0A4-32E1-A4E8-393AE45214E9}
		{8FEB612B-0FFB-3C39-BACF-727752A24C26} = {8FEB612B-0FFB-3C39-BACF-727752A24C26}
	EndProjectSection
EndProject
Project("{8BC9CEB8-8B4A-11D0-8D11-00A0C91BC942}") = "Fractals_static", "freeglut-3.4.0\Fractals_static.vcxproj", "{8BDA9B6B-308D-3492-9D6F-C04EB59E0ABA}"
	ProjectSection(ProjectDependencies) = postProject
		{3801EF5E-C0A4-32E1-A4E8-393AE45214E9} = {3801EF5E-C0A4-32E1-A4E8-393AE45214E9}
		{8FEB612B-0FFB-3C39-BACF-727752A24C26} = {8FEB612B-0FFB-3C39-BACF-727752A24C26}
	EndProjectSection
EndProject
Project("{8BC9CEB8-8B4A-11D0-8D11-00A0C91BC942}") = "INSTALL", "INSTALL.vcxproj", "{5EBCBAF8-4596-3484-AE6C-7E0EB538B8BC}"
	ProjectSection(ProjectDependencies) = postProject
		{6D36D463-3068-324B-9B86-1AEEBC37CD98} = {6D36D463-3068-324B-9B86-1AEEBC37CD98}
		{3801EF5E-C0A4-32E1-A4E8-393AE45214E9} = {3801EF5E-C0A4-32E1-A4E8-393AE45214E9}
	EndProjectSection
EndProject
Project("{8BC9CEB8-8B4A-11D0-8D11-00A0C91BC942}") = "Lorenz", "freeglut-3.4.0\Lorenz.vcxproj", "{C01814ED-DAF9-30D8-AF04-DC4A0BEC0790}"
	ProjectSection(ProjectDependencies) = postProject
		{3801EF5E-C0A4-32E1-A4E8-393AE45214E9} = {3801EF5E-C0A4-32E1-A4E8-393AE45214E9}
		{B588B9F6-4F40-34AD-803A-757B268429ED} = {B588B9F6-4F40-34AD-803A-757B268429ED}
	EndProjectSection
EndProject
Project("{8BC9CEB8-8B4A-11D0-8D11-00A0C91BC942}") = "Lorenz_static", "freeglut-3.4.0\Lorenz_static.vcxproj", "{B822B760-D2C3-3A1B-961D-E4D8B1720E85}"
	ProjectSection(ProjectDependencies) = postProject
		{3801EF5E-C0A4-32E1-A4E8-393AE45214E9} = {3801EF5E-C0A4-32E1-A4E8-393AE45214E9}
		{8FEB612B-0FFB-3C39-BACF-727752A24C26} = {8FEB612B-0FFB-3C39-BACF-727752A24C26}
	EndProjectSection
EndProject
Project("{8BC9CEB8-8B4A-11D0-8D11-00A0C91BC942}") = "One", "freeglut-3.4.0\One.vcxproj", "{6AE1A83B-1E47-334D-B689-C0C01AB2AF1D}"
	ProjectSection(ProjectDependencies) = postProject
		{3801EF5E-C0A4-32E1-A4E8-393AE45214E9} = {3801EF5E-C0A4-32E1-A4E8-393AE45214E9}
		{B588B9F6-4F40-34AD-803A-757B268429ED} = {B588B9F6-4F40-34AD-803A-757B268429ED}
	EndProjectSection
EndProject
Project("{8BC9CEB8-8B4A-11D0-8D11-00A0C91BC942}") = "One_static", "freeglut-3.4.0\One_static.vcxproj", "{55D28FE8-5CF6-3B86-9EC0-EA9F30AEABBE}"
	ProjectSection(ProjectDependencies) = postProject
		{3801EF5E-C0A4-32E1-A4E8-393AE45214E9} = {3801EF5E-C0A4-32E1-A4E8-393AE45214E9}
		{8FEB612B-0FFB-3C39-BACF-727752A24C26} = {8FEB612B-0FFB-3C39-BACF-727752A24C26}
	EndProjectSection
EndProject
Project("{8BC9CEB8-8B4A-11D0-8D11-00A0C91BC942}") = "Pong", "Pong.vcxproj", "{FC9667AF-0670-340C-988D-A6B658AFB589}"
	ProjectSection(ProjectDependencies) = postProject
		{3801EF5E-C0A4-32E1-A4E8-393AE45214E9} = {3801EF5E-C0A4-32E1-A4E8-393AE45214E9}
		{8FEB612B-0FFB-3C39-BACF-727752A24C26} = {8FEB612B-0FFB-3C39-BACF-727752A24C26}
	EndProjectSection
EndProject
Project("{8BC9CEB8-8B4A-11D0-8D11-00A0C91BC942}") = "ZERO_CHECK", "ZERO_CHECK.vcxproj", "{3801EF5E-C0A4-32E1-A4E8-393AE45214E9}"
	ProjectSection(ProjectDependencies) = postProject
	EndProjectSection
EndProject
Project("{8BC9CEB8-8B4A-11D0-8D11-00A0C91BC942}") = "freeglut", "freeglut-3.4.0\freeglut.vcxproj", "{B588B9F6-4F40-34AD-803A-757B268429ED}"
	ProjectSection(ProjectDependencies) = postProject
		{3801EF5E-C0A4-32E1-A4E8-393AE45214E9} = {3801EF5E-C0A4-32E1-A4E8-393AE45214E9}
	EndProjectSection
EndProject
Project("{8BC9CEB8-8B4A-11D0-8D11-00A0C91BC942}") = "freeglut_static", "freeglut-3.4.0\freeglut_static.vcxproj", "{8FEB612B-0FFB-3C39-BACF-727752A24C26}"
	ProjectSection(ProjectDependencies) = postProject
		{3801EF5E-C0A4-32E1-A4E8-393AE45214E9} = {3801EF5E-C0A4-32E1-A4E8-393AE45214E9}
	EndProjectSection
EndProject
Project("{8BC9CEB8-8B4A-11D0-8D11-00A0C91BC942}") = "indexed_color", "freeglut-3.4.0\indexed_color.vcxproj", "{0581D3A1-7B1D-3FA8-8937-27B5AC6F5C7D}"
	ProjectSection(ProjectDependencies) = postProject
		{3801EF5E-C0A4-32E1-A4E8-393AE45214E9} = {3801EF5E-C0A4-32E1-A4E8-393AE45214E9}
		{B588B9F6-4F40-34AD-803A-757B268429ED} = {B588B9F6-4F40-34AD-803A-757B268429ED}
	EndProjectSection
EndProject
Project("{8BC9CEB8-8B4A-11D0-8D11-00A0C91BC942}") = "indexed_color_static", "freeglut-3.4.0\indexed_color_static.vcxproj", "{3CC4B6D4-B7CD-323D-A3CC-5702AE241E8F}"
	ProjectSection(ProjectDependencies) = postProject
		{3801EF5E-C0A4-32E1-A4E8-393AE45214E9} = {3801EF5E-C0A4-32E1-A4E8-393AE45214E9}
		{8FEB612B-0FFB-3C39-BACF-727752A24C26} = {8FEB612B-0FFB-3C39-BACF-727752A24C26}
	EndProjectSection
EndProject
Project("{8BC9CEB8-8B4A-11D0-8D11-00A0C91BC942}") = "joystick", "freeglut-3.4.0\joystick.vcxproj", "{C742436D-7EDD-3361-A781-72088D83D777}"
	ProjectSection(ProjectDependencies) = postProject
		{3801EF5E-C0A4-32E1-A4E8-393AE45214E9} = {3801EF5E-C0A4-32E1-A4E8-393AE45214E9}
		{B588B9F6-4F40-34AD-803A-757B268429ED} = {B588B9F6-4F40-34AD-803A-757B268429ED}
	EndProjectSection
EndProject
Project("{8BC9CEB8-8B4A-11D0-8D11-00A0C91BC942}") = "joystick_static", "freeglut-3.4.0\joystick_static.vcxproj", "{2DF9F973-3E97-3567-80F8-23CA91719A3B}"
	ProjectSection(ProjectDependencies) = postProject
		{3801EF5E-C0A4-32E1-A4E8-393AE45214E9} = {3801EF5E-C0A4-32E1-A4E8-393AE45214E9}
		{8FEB612B-0FFB-3C39-BACF-727752A24C26} = {8FEB612B-0FFB-3C39-BACF-727752A24C26}
	EndProjectSection
EndProject
Project("{8BC9CEB8-8B4A-11D0-8D11-00A0C91BC942}") = "keyboard", "freeglut-3.4.0\keyboard.vcxproj", "{B320BB5C-5CC2-38A0-AF76-0358590E46CA}"
	ProjectSection(ProjectDependencies) = postProject
		{3801EF5E-C0A4-32E1-A4E8-393AE45214E9} = {3801EF5E-C0A4-32E1-A4E8-393AE45214E9}
		{B588B9F6-4F40-34AD-803A-757B268429ED} = {B588B9F6-4F40-34AD-803A-757B268429ED}
	EndProjectSection
EndProject
Project("{8BC9CEB8-8B4A-11D0-8D11-00A0C91BC942}") = "keyboard_static", "freeglut-3.4.0\keyboard_static.vcxproj", "{6BF416EA-284F-39C2-ACA0-13D7DF69435A}"
	ProjectSection(ProjectDependencies) = postProject
		{3801EF5E-C0A4-32E1-A4E8-393AE45214E9} = {3801EF5E-C0A4-32E1-A4E8-393AE45214E9}
		{8FEB612B-0FFB-3C39-BACF-727752A24C26} = {8FEB612B-0FFB-3C39-BACF-727752A24C26}
	EndProjectSection
EndProject
Project("{8BC9CEB8-8B4A-11D0-8D11-00A0C91BC942}") = "multi-touch", "freeglut-3.4.0\multi-touch.vcxproj", "{F5D46357-73FD-3054-8B2A-A788CC7653BB}"
	ProjectSection(ProjectDependencies) = postProject
		{3801EF5E-C0A4-32E1-A4E8-393AE45214E9} = {3801EF5E-C0A4-32E1-A4E8-393AE45214E9}
		{B588B9F6-4F40-34AD-803A-757B268429ED} = {B588B9F6-4F40-34AD-803A-757B268429ED}
	EndProjectSection
EndProject
Project("{8BC9CEB8-8B4A-11D0-8D11-00A0C91BC942}") = "multi-touch_static", "freeglut-3.4.0\multi-touch_static.vcxproj", "{F239A2D5-D4E5-3384-BD23-926016F20154}"
	ProjectSection(ProjectDependencies) = postProject
		{3801EF5E-C0A4-32E1-A4E8-393AE45214E9} = {3801EF5E-C0A4-32E1-A4E8-393AE45214E9}
		{8FEB612B-0FFB-3C39-BACF-727752A24C26} = {8FEB612B-0FFB-3C39-BACF-727752A24C26}
	EndProjectSection
EndProject
Project("{8BC9CEB8-8B4A-11D0-8D11-00A0C91BC942}") = "resizer", "freeglut-3.4.0\resizer.vcxproj", "{E9828B6B-D8DD-34DF-907E-BB1C56CC0B99}"
	ProjectSection(ProjectDependencies) = postProject
		{3801EF5E-C0A4-32E1-A4E8-393AE45214E9} = {3801EF5E-C0A4-32E1-A4E8-393AE45214E9}
		{B588B9F6-4F40-34AD-803A-757B268429ED} = {B588B9F6-4F40-34AD-803A-757B268429ED}
	EndProjectSection
EndProject
Project("{8BC9CEB8-8B4A-11D0-8D11-00A0C91BC942}") = "resizer_static", "freeglut-3.4.0\resizer_static.vcxproj", "{13C335B7-2C7F-3A13-8819-AC0B08FB5454}"
	ProjectSection(ProjectDependencies) = postProject
		{3801EF5E-C0A4-32E1-A4E8-393AE45214E9} = {3801EF5E-C0A4-32E1-A4E8-393AE45214E9}
		{8FEB612B-0FFB-3C39-BACF-727752A24C26} = {8FEB612B-0FFB-3C39-BACF-727752A24C26}
	EndProjectSection
EndProject
Project("{8BC9CEB8-8B4A-11D0-8D11-00A0C91BC942}") = "shapes", "freeglut-3.4.0\shapes.vcxproj", "{671BD71E-A206-31E0-B7BF-EE1B3F5E7A0E}"
	ProjectSection(ProjectDependencies) = postProject
		{3801EF5E-C0A4-32E1-A4E8-393AE45214E9} = {3801EF5E-C0A4-32E1-A4E8-393AE45214E9}
		{B588B9F6-4F40-34AD-803A-757B268429ED} = {B588B9F6-4F40-34AD-803A-757B268429ED}
	EndProjectSection
EndProject
Project("{8BC9CEB8-8B4A-11D0-8D11-00A0C91BC942}") = "shapes_static", "freeglut-3.4.0\shapes_static.vcxproj", "{8D75B2A0-8187-3735-B262-941D96E390B5}"
	ProjectSection(ProjectDependencies) = postProject
		{3801EF5E-C0A4-32E1-A4E8-393AE45214E9} = {3801EF5E-C0A4-32E1-A4E8-393AE45214E9}
		{8FEB612B-0FFB-3C39-BACF-727752A24C26} = {8FEB612B-0FFB-3C39-BACF-727752A24C26}
	EndProjectSection
EndProject
Project("{8BC9CEB8-8B4A-11D0-8D11-00A0C91BC942}") = "smooth_opengl3", "freeglut-3.4.0\smooth_opengl3.vcxproj", "{B733C616-55B3-34B2-B894-685EF1836CCF}"
	ProjectSection(ProjectDependencies) = postProject
		{3801EF5E-C0A4-32E1-A4E8-393AE45214E9} = {3801EF5E-C0A4-32E1-A4E8-393AE45214E9}
		{B588B9F6-4F40-34AD-803A-757B268429ED} = {B588B9F6-4F40-34AD-803A-757B268429ED}
	EndProjectSection
EndProject
Project("{8BC9CEB8-8B4A-11D0-8D11-00A0C91BC942}") = "smooth_opengl3_static", "freeglut-3.4.0\smooth_opengl3_static.vcxproj", "{958B3EE2-3942-3B10-B7D5-FDCA41C0E7C2}"
	ProjectSection(ProjectDependencies) = postProject
		{3801EF5E-C0A4-32E1-A4E8-393AE45214E9} = {3801EF5E-C0A4-32E1-A4E8-393AE45214E9}
		{8FEB612B-0FFB-3C39-BACF-727752A24C26} = {8FEB612B-0FFB-3C39-BACF-727752A24C26}
	EndProjectSection
EndProject
Project("{8BC9CEB8-8B4A-11D0-8D11-00A0C91BC942}") = "spaceball", "freeglut-3.4.0\spaceball.vcxproj", "{9A03B80D-E242-3B8E-AEA8-575A1BD51FCF}"
	ProjectSection(ProjectDependencies) = postProject
		{3801EF5E-C0A4-32E1-A4E8-393AE45214E9} = {3801EF5E-C0A4-32E1-A4E8-393AE45214E9}
		{B588B9F6-4F40-34AD-803A-757B268429ED} = {B588B9F6-4F40-34AD-803A-757B268429ED}
	EndProjectSection
EndProject
Project("{8BC9CEB8-8B4A-11D0-8D11-00A0C91BC942}") = "spaceball_static", "freeglut-3.4.0\spaceball_static.vcxproj", "{978C0868-416F-3EF2-B268-93FF7D2A03C1}"
	ProjectSection(ProjectDependencies) = postProject
		{3801EF5E-C0A4-32E1-A4E8-393AE45214E9} = {3801EF5E-C0A4-32E1-A4E8-393AE45214E9}
		{8FEB612B-0FFB-3C39-BACF-727752A24C26} = {8FEB612B-0FFB-3C39-BACF-727752A24C26}
	EndProjectSection
EndProject
Project("{8BC9CEB8-8B4A-11D0-8D11-00A0C91BC942}") = "subwin", "freeglut-3.4.0\subwin.vcxproj", "{A15F3F42-64D4-36B7-8BBA-CCA35E19AFDA}"
	ProjectSection(ProjectDependencies) = postProject
		{3801EF5E-C0A4-32E1-A4E8-393AE45214E9} = {3801EF5E-C0A4-32E1-A4E8-393AE45214E9}
		{B588B9F6-4F40-34AD-803A-757B268429ED} = {B588B9F6-4F40-34AD-803A-757B268429ED}
	EndProjectSection
EndProject
Project("{8BC9CEB8-8B4A-11D0-8D11-00A0C91BC942}") = "subwin_static", "freeglut-3.4.0\subwin_static.vcxproj", "{CA0A99D7-2265-3EF5-AC46-16C9898627B6}"
	ProjectSection(ProjectDependencies) = postProject
		{3801EF5E-C0A4-32E1-A4E8-393AE45214E9} = {3801EF5E-C0A4-32E1-A4E8-393AE45214E9}
		{8FEB612B-0FFB-3C39-BACF-727752A24C26} = {8FEB612B-0FFB-3C39-BACF-727752A24C26}
	EndProjectSection
EndProject
Project("{8BC9CEB8-8B4A-11D0-8D11-00A0C91BC942}") = "timer", "freeglut-3.4.0\timer.vcxproj", "{57A835F8-7F51-3082-8491-42B473D831BC}"
	ProjectSection(ProjectDependencies) = postProject
		{3801EF5E-C0A4-32E1-A4E8-393AE45214E9} = {3801EF5E-C0A4-32E1-A4E8-393AE45214E9}
		{B588B9F6-4F40-34AD-803A-757B268429ED} = {B588B9F6-4F40-34AD-803A-757B268429ED}
	EndProjectSection
EndProject
Project("{8BC9CEB8-8B4A-11D0-8D11-00A0C91BC942}") = "timer_callback", "freeglut-3.4.0\timer_callback.vcxproj", "{19E09734-43B1-3E4B-90D8-ACCCB3C55971}"
	ProjectSection(ProjectDependencies) = postProject
		{3801EF5E-C0A4-32E1-A4E8-393AE45214E9} = {3801EF5E-C0A4-32E1-A4E8-393AE45214E9}
		{B588B9F6-4F40-34AD-803A-757B268429ED} = {B588B9F6-4F40-34AD-803A-757B268429ED}
	EndProjectSection
EndProject
Project("{8BC9CEB8-8B4A-11D0-8D11-00A0C91BC942}") = "timer_callback_static", "freeglut-3.4.0\timer_callback_static.vcxproj", "{CBB25769-4FBF-3DC6-8C7E-41BC01B477AF}"
	ProjectSection(ProjectDependencies) = postProject
		{3801EF5E-C0A4-32E1-A4E8-393AE45214E9} = {3801EF5E-C0A4-32E1-A4E8-393AE45214E9}
		{8FEB612B-0FFB-3C39-BACF-727752A24C26} = {8FEB612B-0FFB-3C39-BACF-727752A24C26}
	EndProjectSection
EndProject
Project("{8BC9CEB8-8B4A-11D0-8D11-00A0C91BC942}") = "timer_static", "freeglut-3.4.0\timer_static.vcxproj", "{6AAC6BED-CBA5-3BB3-8B40-42231C30BD56}"
	ProjectSection(ProjectDependencies) = postProject
		{3801EF5E-C0A4-32E1-A4E8-393AE45214E9} = {3801EF5E-C0A4-32E1-A4E8-393AE45214E9}
		{8FEB612B-0FFB-3C39-BACF-727752A24C26} = {8FEB612B-0FFB-3C39-BACF-727752A24C26}
	EndProjectSection
EndProject
Global
	GlobalSection(SolutionConfigurationPlatforms) = preSolution
		Debug|x64 = Debug|x64
		Release|x64 = Release|x64
		MinSizeRel|x64 = MinSizeRel|x64
		RelWithDebInfo|x64 = RelWithDebInfo|x64
	EndGlobalSection
	GlobalSection(ProjectConfigurationPlatforms) = postSolution
		{6D36D463-3068-324B-9B86-1AEEBC37CD98}.Debug|x64.ActiveCfg = Debug|x64
		{6D36D463-3068-324B-9B86-1AEEBC37CD98}.Debug|x64.Build.0 = Debug|x64
		{6D36D463-3068-324B-9B86-1AEEBC37CD98}.Release|x64.ActiveCfg = Release|x64
		{6D36D463-3068-324B-9B86-1AEEBC37CD98}.Release|x64.Build.0 = Release|x64
		{6D36D463-3068-324B-9B86-1AEEBC37CD98}.MinSizeRel|x64.ActiveCfg = MinSizeRel|x64
		{6D36D463-3068-324B-9B86-1AEEBC37CD98}.MinSizeRel|x64.Build.0 = MinSizeRel|x64
		{6D36D463-3068-324B-9B86-1AEEBC37CD98}.RelWithDebInfo|x64.ActiveCfg = RelWithDebInfo|x64
		{6D36D463-3068-324B-9B86-1AEEBC37CD98}.RelWithDebInfo|x64.Build.0 = RelWithDebInfo|x64
		{DAF68EF4-154E-3144-B14C-DFD45FA0BFAE}.Debug|x64.ActiveCfg = Debug|x64
		{DAF68EF4-154E-3144-B14C-DFD45FA0BFAE}.Debug|x64.Build.0 = Debug|x64
		{DAF68EF4-154E-3144-B14C-DFD45FA0BFAE}.Release|x64.ActiveCfg = Release|x64
		{DAF68EF4-154E-3144-B14C-DFD45FA0BFAE}.Release|x64.Build.0 = Release|x64
		{DAF68EF4-154E-3144-B14C-DFD45FA0BFAE}.MinSizeRel|x64.ActiveCfg = MinSizeRel|x64
		{DAF68EF4-154E-3144-B14C-DFD45FA0BFAE}.MinSizeRel|x64.Build.0 = MinSizeRel|x64
		{DAF68EF4-154E-3144-B14C-DFD45FA0BFAE}.RelWithDebInfo|x64.ActiveCfg = RelWithDebInfo|x64
		{DAF68EF4-154E-3144-B14C-DFD45FA0BFAE}.RelWithDebInfo|x64.Build.0 = RelWithDebInfo|x64
		{3EF2AA5E-B1CC-39C8-A2C6-96C5907D8042}.Debug|x64.ActiveCfg = Debug|x64
		{3EF2AA5E-B1CC-39C8-A2C6-96C5907D8042}.Debug|x64.Build.0 = Debug|x64
		{3EF2AA5E-B1CC-39C8-A2C6-96C5907D8042}.Release|x64.ActiveCfg = Release|x64
		{3EF2AA5E-B1CC-39C8-A2C6-96C5907D8042}.Release|x64.Build.0 = Release|x64
		{3EF2AA5E-B1CC-39C8-A2C6-96C5907D8042}.MinSizeRel|x64.ActiveCfg = MinSizeRel|x64
		{3EF2AA5E-B1CC-39C8-A2C6-96C5907D8042}.MinSizeRel|x64.Build.0 = MinSizeRel|x64
		{3EF2AA5E-B1CC-39C8-A2C6-96C5907D8042}.RelWithDebInfo|x64.ActiveCfg = RelWithDebInfo|x64
		{3EF2AA5E-B1CC-39C8-A2C6-96C5907D8042}.RelWithDebInfo|x64.Build.0 = RelWithDebInfo|x64
		{488E9B4C-C27E-3B07-B004-05BE7711CEAE}.Debug|x64.ActiveCfg = Debug|x64
		{488E9B4C-C27E-3B07-B004-05BE7711CEAE}.Debug|x64.Build.0 = Debug|x64
		{488E9B4C-C27E-3B07-B004-05BE7711CEAE}.Release|x64.ActiveCfg = Release|x64
		{488E9B4C-C27E-3B07-B004-05BE7711CEAE}.Release|x64.Build.0 = Release|x64
		{488E9B4C-C27E-3B07-B004-05BE7711CEAE}.MinSizeRel|x64.ActiveCfg = MinSizeRel|x64
		{488E9B4C-C27E-3B07-B004-05BE7711CEAE}.MinSizeRel|x64.Build.0 = MinSizeRel|x64
		{488E9B4C-C27E-3B07-B004-05BE7711CEAE}.RelWithDebInfo|x64.ActiveCfg = RelWithDebInfo|x64
		{488E9B4C-C27E-3B07-B004-05BE7711CEAE}.RelWithDebInfo|x64.Build.0 = RelWithDebInfo|x64
		{E048F71C-746E-3FD3-A42A-71B0A7DE5E41}.Debug|x64.ActiveCfg = Debug|x64
		{E048F71C-746E-3FD3-A42A-71B0A7DE5E41}.Debug|x64.Build.0 = Debug|x64
		{E048F71C-746E-3FD3-A42A-71B0A7DE5E41}.Release|x64.ActiveCfg = Release|x64
		{E048F71C-746E-3FD3-A42A-71B0A7DE5E41}.Release|x64.Build.0 = Release|x64
		{E048F71C-746E-3FD3-A42A-71B0A7DE5E41}.MinSizeRel|x64.ActiveCfg = MinSizeRel|x64
		{E048F71C-746E-3FD3-A42A-71B0A7DE5E41}.MinSizeRel|x64.Build.0 = MinSizeRel|x64
		{E048F71C-746E-3FD3-A42A-71B0A7DE5E41}.RelWithDebInfo|x64.ActiveCfg = RelWithDebInfo|x64
		{E048F71C-746E-3FD3-A42A-71B0A7DE5E41}.RelWithDebInfo|x64.Build.0 = RelWithDebInfo|x64
		{4B0F4268-8512-340C-88FF-CFFE98212940}.Debug|x64.ActiveCfg = Debug|x64
		{4B0F4268-8512-340C-88FF-CFFE98212940}.Debug|x64.Build.0 = Debug|x64
		{4B0F4268-8512-340C-88FF-CFFE98212940}.Release|x64.ActiveCfg = Release|x64
		{4B0F4268-8512-340C-88FF-CFFE98212940}.Release|x64.Build.0 = Release|x64
		{4B0F4268-8512-340C-88FF-CFFE98212940}.MinSizeRel|x64.ActiveCfg = MinSizeRel|x64
		{4B0F4268-8512-340C-88FF-CFFE98212940}.MinSizeRel|x64.Build.0 = MinSizeRel|x64
		{4B0F4268-8512-340C-88FF-CFFE98212940}.RelWithDebInfo|x64.ActiveCfg = RelWithDebInfo|x64
		{4B0F4268-8512-340C-88FF-CFFE98212940}.RelWithDebInfo|x64.Build.0 = RelWithDebInfo|x64
		{6303C533-0DE4-352B-A2EC-51AB4B77B972}.Debug|x64.ActiveCfg = Debug|x64
		{6303C533-0DE4-352B-A2EC-51AB4B77B972}.Debug|x64.Build.0 = Debug|x64
		{6303C533-0DE4-352B-A2EC-51AB4B77B972}.Release|x64.ActiveCfg = Release|x64
		{6303C533-0DE4-352B-A2EC-51AB4B77B972}.Release|x64.Build.0 = Release|x64
		{6303C533-0DE4-352B-A2EC-51AB4B77B972}.MinSizeRel|x64.ActiveCfg = MinSizeRel|x64
		{6303C533-0DE4-352B-A2EC-51AB4B77B972}.MinSizeRel|x64.Build.0 = MinSizeRel|x64
		{6303C533-0DE4-352B-A2EC-51AB4B77B972}.RelWithDebInfo|x64.ActiveCfg = RelWithDebInfo|x64
		{6303C533-0DE4-352B-A2EC-51AB4B77B972}.RelWithDebInfo|x64.Build.0 = RelWithDebInfo|x64
		{C0CCA2D6-BF94-3ADC-B964-4B383E1468A5}.Debug|x64.ActiveCfg = Debug|x64
		{C0CCA2D6-BF94-3ADC-B964-4B383E1468A5}.Debug|x64.Build.0 = Debug|x64
		{C0CCA2D6-BF94-3ADC-B964-4B383E1468A5}.Release|x64.ActiveCfg = Release|x64
		{C0CCA2D6-BF94-3ADC-B964-4B383E1468A5}.Release|x64.Build.0 = Release|x64
		{C0CCA2D6-BF94-3ADC-B964-4B383E1468A5}.MinSizeRel|x64.ActiveCfg = MinSizeRel|x64
		{C0CCA2D6-BF94-3ADC-B964-4B383E1468A5}.MinSizeRel|x64.Build.0 = MinSizeRel|x64
		{C0CCA2D6-BF94-3ADC-B964-4B383E1468A5}.RelWithDebInfo|x64.ActiveCfg = RelWithDebInfo|x64
		{C0CCA2D6-BF94-3ADC-B964-4B383E1468A5}.RelWithDebInfo|x64.Build.0 = RelWithDebInfo|x64
		{8BDA9B6B-308D-3492-9D6F-C04EB59E0ABA}.Debug|x64.ActiveCfg = Debug|x64
		{8BDA9B6B-308D-3492-9D6F-C04EB59E0ABA}.Debug|x64.Build.0 = Debug|x64
		{8BDA9B6B-308D-3492-9D6F-C04EB59E0ABA}.Release|x64.ActiveCfg = Release|x64
		{8BDA9B6B-308D-3492-9D6F-C04EB59E0ABA}.Release|x64.Build.0 = Release|x64
		{8BDA9B6B-308D-3492-9D6F-C04EB59E0ABA}.MinSizeRel|x64.ActiveCfg = MinSizeRel|x64
		{8BDA9B6B-308D-3492-9D6F-C04EB59E0ABA}.MinSizeRel|x64.Build.0 = MinSizeRel|x64
		{8BDA9B6B-308D-3492-9D6F-C04EB59E0ABA}.RelWithDebInfo|x64.ActiveCfg = RelWithDebInfo|x64
		{8BDA9B6B-308D-3492-9D6F-C04EB59E0ABA}.RelWithDebInfo|x64.Build.0 = RelWithDebInfo|x64
		{5EBCBAF8-4596-3484-AE6C-7E0EB538B8BC}.Debug|x64.ActiveCfg = Debug|x64
		{5EBCBAF8-4596-3484-AE6C-7E0EB538B8BC}.Release|x64.ActiveCfg = Release|x64
		{5EBCBAF8-4596-3484-AE6C-7E0EB538B8BC}.MinSizeRel|x64.ActiveCfg = MinSizeRel|x64
		{5EBCBAF8-4596-3484-AE6C-7E0EB538B8BC}.RelWithDebInfo|x64.ActiveCfg = RelWithDebInfo|x64
		{C01814ED-DAF9-30D8-AF04-DC4A0BEC0790}.Debug|x64.ActiveCfg = Debug|x64
		{C01814ED-DAF9-30D8-AF04-DC4A0BEC0790}.Debug|x64.Build.0 = Debug|x64
		{C01814ED-DAF9-30D8-AF04-DC4A0BEC0790}.Release|x64.ActiveCfg = Release|x64
		{C01814ED-DAF9-30D8-AF04-DC4A0BEC0790}.Release|x64.Build.0 = Release|x64
		{C01814ED-DAF9-30D8-AF04-DC4A0BEC0790}.MinSizeRel|x64.ActiveCfg = MinSizeRel|x64
		{C01814ED-DAF9-30D8-AF04-DC4A0BEC0790}.MinSizeRel|x64.Build.0 = MinSizeRel|x64
		{C01814ED-DAF9-30D8-AF04-DC4A0BEC0790}.RelWithDebInfo|x64.ActiveCfg = RelWithDebInfo|x64
		{C01814ED-DAF9-30D8-AF04-DC4A0BEC0790}.RelWithDebInfo|x64.Build.0 = RelWithDebInfo|x64
		{B822B760-D2C3-3A1B-961D-E4D8B1720E85}.Debug|x64.ActiveCfg = Debug|x64
		{B822B760-D2C3-3A1B-961D-E4D8B1720E85}.Debug|x64.Build.0 = Debug|x64
		{B822B760-D2C3-3A1B-961D-E4D8B1720E85}.Release|x64.ActiveCfg = Release|x64
		{B822B760-D2C3-3A1B-961D-E4D8B1720E85}.Release|x64.Build.0 = Release|x64
		{B822B760-D2C3-3A1B-961D-E4D8B1720E85}.MinSizeRel|x64.ActiveCfg = MinSizeRel|x64
		{B822B760-D2C3-3A1B-961D-E4D8B1720E85}.MinSizeRel|x64.Build.0 = MinSizeRel|x64
		{B822B760-D2C3-3A1B-961D-E4D8B1720E85}.RelWithDebInfo|x64.ActiveCfg = RelWithDebInfo|x64
		{B822B760-D2C3-3A1B-961D-E4D8B1720E85}.RelWithDebInfo|x64.Build.0 = RelWithDebInfo|x64
		{6AE1A83B-1E47-334D-B689-C0C01AB2AF1D}.Debug|x64.ActiveCfg = Debug|x64
		{6AE1A83B-1E47-334D-B689-C0C01AB2AF1D}.Debug|x64.Build.0 = Debug|x64
		{6AE1A83B-1E47-334D-B689-C0C01AB2AF1D}.Release|x64.ActiveCfg = Release|x64
		{6AE1A83B-1E47-334D-B689-C0C01AB2AF1D}.Release|x64.Build.0 = Release|x64
		{6AE1A83B-1E47-334D-B689-C0C01AB2AF1D}.MinSizeRel|x64.ActiveCfg = MinSizeRel|x64
		{6AE1A83B-1E47-334D-B689-C0C01AB2AF1D}.MinSizeRel|x64.Build.0 = MinSizeRel|x64
		{6AE1A83B-1E47-334D-B689-C0C01AB2AF1D}.RelWithDebInfo|x64.ActiveCfg = RelWithDebInfo|x64
		{6AE1A83B-1E47-334D-B689-C0C01AB2AF1D}.RelWithDebInfo|x64.Build.0 = RelWithDebInfo|x64
		{55D28FE8-5CF6-3B86-9EC0-EA9F30AEABBE}.Debug|x64.ActiveCfg = Debug|x64
		{55D28FE8-5CF6-3B86-9EC0-EA9F30AEABBE}.Debug|x64.Build.0 = Debug|x64
		{55D28FE8-5CF6-3B86-9EC0-EA9F30AEABBE}.Release|x64.ActiveCfg = Release|x64
		{55D28FE8-5CF6-3B86-9EC0-EA9F30AEABBE}.Release|x64.Build.0 = Release|x64
		{55D28FE8-5CF6-3B86-9EC0-EA9F30AEABBE}.MinSizeRel|x64.ActiveCfg = MinSizeRel|x64
		{55D28FE8-5CF6-3B86-9EC0-EA9F30AEABBE}.MinSizeRel|x64.Build.0 = MinSizeRel|x64
		{55D28FE8-5CF6-3B86-9EC0-EA9F30AEABBE}.RelWithDebInfo|x64.ActiveCfg = RelWithDebInfo|x64
		{55D28FE8-5CF6-3B86-9EC0-EA9F30AEABBE}.RelWithDebInfo|x64.Build.0 = RelWithDebInfo|x64
		{FC9667AF-0670-340C-988D-A6B658AFB589}.Debug|x64.ActiveCfg = Debug|x64
		{FC9667AF-0670-340C-988D-A6B658AFB589}.Debug|x64.Build.0 = Debug|x64
		{FC9667AF-0670-340C-988D-A6B658AFB589}.Release|x64.ActiveCfg = Release|x64
		{FC9667AF-0670-340C-988D-A6B658AFB589}.Release|x64.Build.0 = Release|x64
		{FC9667AF-0670-340C-988D-A6B658AFB589}.MinSizeRel|x64.ActiveCfg = MinSizeRel|x64
		{FC9667AF-0670-340C-988D-A6B658AFB589}.MinSizeRel|x64.Build.0 = MinSizeRel|x64
		{FC9667AF-0670-340C-988D-A6B658AFB589}.RelWithDebInfo|x64.ActiveCfg = RelWithDebInfo|x64
		{FC9667AF-0670-340C-988D-A6B658AFB589}.RelWithDebInfo|x64.Build.0 = RelWithDebInfo|x64
		{3801EF5E-C0A4-32E1-A4E8-393AE45214E9}.Debug|x64.ActiveCfg = Debug|x64
		{3801EF5E-C0A4-32E1-A4E8-393AE45214E9}.Debug|x64.Build.0 = Debug|x64
		{3801EF5E-C0A4-32E1-A4E8-393AE45214E9}.Release|x64.ActiveCfg = Release|x64
		{3801EF5E-C0A4-32E1-A4E8-393AE45214E9}.Release|x64.Build.0 = Release|x64
		{3801EF5E-C0A4-32E1-A4E8-393AE45214E9}.MinSizeRel|x64.ActiveCfg = MinSizeRel|x64
		{3801EF5E-C0A4-32E1-A4E8-393AE45214E9}.MinSizeRel|x64.Build.0 = MinSizeRel|x64
		{3801EF5E-C0A4-32E1-A4E8-393AE45214E9}.RelWithDebInfo|x64.ActiveCfg = RelWithDebInfo|x64
		{3801EF5E-C0A4-32E1-A4E8-393AE45214E9}.RelWithDebInfo|x64.Build.0 = RelWithDebInfo|x64
		{B588B9F6-4F40-34AD-803A-757B268429ED}.Debug|x64.ActiveCfg = Debug|x64
		{B588B9F6-4F40-34AD-803A-757B268429ED}.Debug|x64.Build.0 = Debug|x64
		{B588B9F6-4F40-34AD-803A-757B268429ED}.Release|x64.ActiveCfg = Release|x64
		{B588B9F6-4F40-34AD-803A-757B268429ED}.Release|x64.Build.0 = Release|x64
		{B588B9F6-4F40-34AD-803A-757B268429ED}.MinSizeRel|x64.ActiveCfg = MinSizeRel|x64
		{B588B9F6-4F40-34AD-803A-757B268429ED}.MinSizeRel|x64.Build.0 = MinSizeRel|x64
		{B588B9F6-4F40-34AD-803A-757B268429ED}.RelWithDebInfo|x64.ActiveCfg = RelWithDebInfo|x64
		{B588B9F6-4F40-34AD-803A-757B268429ED}.RelWithDebInfo|x64.Build.0 = RelWithDebInfo|x64
		{8FEB612B-0FFB-3C39-BACF-727752A24C26}.Debug|x64.ActiveCfg = Debug|x64
		{8FEB612B-0FFB-3C39-BACF-727752A24C26}.Debug|x64.Build.0 = Debug|x64
		{8FEB612B-0FFB-3C39-BACF-727752A24C26}.Release|x64.ActiveCfg = Release|x64
		{8FEB612B-0FFB-3C39-BACF-727752A24C26}.Release|x64.Build.0 = Release|x64
		{8FEB612B-0FFB-3C39-BACF-727752A24C26}.MinSizeRel|x64.ActiveCfg = MinSizeRel|x64
		{8FEB612B-0FFB-3C39-BACF-727752A24C26}.MinSizeRel|x64.Build.0 = MinSizeRel|x64
		{8FEB612B-0FFB-3C39-BACF-727752A24C26}.RelWithDebInfo|x64.ActiveCfg = RelWithDebInfo|x64
		{8FEB612B-0FFB-3C39-BACF-727752A24C26}.RelWithDebInfo|x64.Build.0 = RelWithDebInfo|x64
		{0581D3A1-7B1D-3FA8-8937-27B5AC6F5C7D}.Debug|x64.ActiveCfg = Debug|x64
		{0581D3A1-7B1D-3FA8-8937-27B5AC6F5C7D}.Debug|x64.Build.0 = Debug|x64
		{0581D3A1-7B1D-3FA8-8937-27B5AC6F5C7D}.Release|x64.ActiveCfg = Release|x64
		{0581D3A1-7B1D-3FA8-8937-27B5AC6F5C7D}.Release|x64.Build.0 = Release|x64
		{0581D3A1-7B1D-3FA8-8937-27B5AC6F5C7D}.MinSizeRel|x64.ActiveCfg = MinSizeRel|x64
		{0581D3A1-7B1D-3FA8-8937-27B5AC6F5C7D}.MinSizeRel|x64.Build.0 = MinSizeRel|x64
		{0581D3A1-7B1D-3FA8-8937-27B5AC6F5C7D}.RelWithDebInfo|x64.ActiveCfg = RelWithDebInfo|x64
		{0581D3A1-7B1D-3FA8-8937-27B5AC6F5C7D}.RelWithDebInfo|x64.Build.0 = RelWithDebInfo|x64
		{3CC4B6D4-B7CD-323D-A3CC-5702AE241E8F}.Debug|x64.ActiveCfg = Debug|x64
		{3CC4B6D4-B7CD-323D-A3CC-5702AE241E8F}.Debug|x64.Build.0 = Debug|x64
		{3CC4B6D4-B7CD-323D-A3CC-5702AE241E8F}.Release|x64.ActiveCfg = Release|x64
		{3CC4B6D4-B7CD-323D-A3CC-5702AE241E8F}.Release|x64.Build.0 = Release|x64
		{3CC4B6D4-B7CD-323D-A3CC-5702AE241E8F}.MinSizeRel|x64.ActiveCfg = MinSizeRel|x64
		{3CC4B6D4-B7CD-323D-A3CC-5702AE241E8F}.MinSizeRel|x64.Build.0 = MinSizeRel|x64
		{3CC4B6D4-B7CD-323D-A3CC-5702AE241E8F}.RelWithDebInfo|x64.ActiveCfg = RelWithDebInfo|x64
		{3CC4B6D4-B7CD-323D-A3CC-5702AE241E8F}.RelWithDebInfo|x64.Build.0 = RelWithDebInfo|x64
		{C742436D-7EDD-3361-A781-72088D83D777}.Debug|x64.ActiveCfg = Debug|x64
		{C742436D-7EDD-3361-A781-72088D83D777}.Debug|x64.Build.0 = Debug|x64
		{C742436D-7EDD-3361-A781-72088D83D777}.Release|x64.ActiveCfg = Release|x64
		{C742436D-7EDD-3361-A781-72088D83D777}.Release|x64.Build.0 = Release|x64
		{C742436D-7EDD-3361-A781-72088D83D777}.MinSizeRel|x64.ActiveCfg = MinSizeRel|x64
		{C742436D-7EDD-3361-A781-72088D83D777}.MinSizeRel|x64.Build.0 = MinSizeRel|x64
		{C742436D-7EDD-3361-A781-72088D83D777}.RelWithDebInfo|x64.ActiveCfg = RelWithDebInfo|x64
		{C742436D-7EDD-3361-A781-72088D83D777}.RelWithDebInfo|x64.Build.0 = RelWithDebInfo|x64
		{2DF9F973-3E97-3567-80F8-23CA91719A3B}.Debug|x64.ActiveCfg = Debug|x64
		{2DF9F973-3E97-3567-80F8-23CA91719A3B}.Debug|x64.Build.0 = Debug|x64
		{2DF9F973-3E97-3567-80F8-23CA91719A3B}.Release|x64.ActiveCfg = Release|x64
		{2DF9F973-3E97-3567-80F8-23CA91719A3B}.Release|x64.Build.0 = Release|x64
		{2DF9F973-3E97-3567-80F8-23CA91719A3B}.MinSizeRel|x64.ActiveCfg = MinSizeRel|x64
		{2DF9F973-3E97-3567-80F8-23CA91719A3B}.MinSizeRel|x64.Build.0 = MinSizeRel|x64
		{2DF9F973-3E97-3567-80F8-23CA91719A3B}.RelWithDebInfo|x64.ActiveCfg = RelWithDebInfo|x64
		{2DF9F973-3E97-3567-80F8-23CA91719A3B}.RelWithDebInfo|x64.Build.0 = RelWithDebInfo|x64
		{B320BB5C-5CC2-38A0-AF76-0358590E46CA}.Debug|x64.ActiveCfg = Debug|x64
		{B320BB5C-5CC2-38A0-AF76-0358590E46CA}.Debug|x64.Build.0 = Debug|x64
		{B320BB5C-5CC2-38A0-AF76-0358590E46CA}.Release|x64.ActiveCfg = Release|x64
		{B320BB5C-5CC2-38A0-AF76-0358590E46CA}.Release|x64.Build.0 = Release|x64
		{B320BB5C-5CC2-38A0-AF76-0358590E46CA}.MinSizeRel|x64.ActiveCfg = MinSizeRel|x64
		{B320BB5C-5CC2-38A0-AF76-0358590E46CA}.MinSizeRel|x64.Build.0 = MinSizeRel|x64
		{B320BB5C-5CC2-38A0-AF76-0358590E46CA}.RelWithDebInfo|x64.ActiveCfg = RelWithDebInfo|x64
		{B320BB5C-5CC2-38A0-AF76-0358590E46CA}.RelWithDebInfo|x64.Build.0 = RelWithDebInfo|x64
		{6BF416EA-284F-39C2-ACA0-13D7DF69435A}.Debug|x64.ActiveCfg = Debug|x64
		{6BF416EA-284F-39C2-ACA0-13D7DF69435A}.Debug|x64.Build.0 = Debug|x64
		{6BF416EA-284F-39C2-ACA0-13D7DF69435A}.Release|x64.ActiveCfg = Release|x64
		{6BF416EA-284F-39C2-ACA0-13D7DF69435A}.Release|x64.Build.0 = Release|x64
		{6BF416EA-284F-39C2-ACA0-13D7DF69435A}.MinSizeRel|x64.ActiveCfg = MinSizeRel|x64
		{6BF416EA-284F-39C2-ACA0-13D7DF69435A}.MinSizeRel|x64.Build.0 = MinSizeRel|x64
		{6BF416EA-284F-39C2-ACA0-13D7DF69435A}.RelWithDebInfo|x64.ActiveCfg = RelWithDebInfo|x64
		{6BF416EA-284F-39C2-ACA0-13D7DF69435A}.RelWithDebInfo|x64.Build.0 = RelWithDebInfo|x64
		{F5D46357-73FD-3054-8B2A-A788CC7653BB}.Debug|x64.ActiveCfg = Debug|x64
		{F5D46357-73FD-3054-8B2A-A788CC7653BB}.Debug|x64.Build.0 = Debug|x64
		{F5D46357-73FD-3054-8B2A-A788CC7653BB}.Release|x64.ActiveCfg = Release|x64
		{F5D46357-73FD-3054-8B2A-A788CC7653BB}.Release|x64.Build.0 = Release|x64
		{F5D46357-73FD-3054-8B2A-A788CC7653BB}.MinSizeRel|x64.ActiveCfg = MinSizeRel|x64
		{F5D46357-73FD-3054-8B2A-A788CC7653BB}.MinSizeRel|x64.Build.0 = MinSizeRel|x64
		{F5D46357-73FD-3054-8B2A-A788CC7653BB}.RelWithDebInfo|x64.ActiveCfg = RelWithDebInfo|x64
		{F5D46357-73FD-3054-8B2A-A788CC7653BB}.RelWithDebInfo|x64.Build.0 = RelWithDebInfo|x64
		{F239A2D5-D4E5-3384-BD23-926016F20154}.Debug|x64.ActiveCfg = Debug|x64
		{F239A2D5-D4E5-3384-BD23-926016F20154}.Debug|x64.Build.0 = Debug|x64
		{F239A2D5-D4E5-3384-BD23-926016F20154}.Release|x64.ActiveCfg = Release|x64
		{F239A2D5-D4E5-3384-BD23-926016F20154}.Release|x64.Build.0 = Release|x64
		{F239A2D5-D4E5-3384-BD23-926016F20154}.MinSizeRel|x64.ActiveCfg = MinSizeRel|x64
		{F239A2D5-D4E5-3384-BD23-926016F20154}.MinSizeRel|x64.Build.0 = MinSizeRel|x64
		{F239A2D5-D4E5-3384-BD23-926016F20154}.RelWithDebInfo|x64.ActiveCfg = RelWithDebInfo|x64
		{F239A2D5-D4E5-3384-BD23-926016F20154}.RelWithDebInfo|x64.Build.0 = RelWithDebInfo|x64
		{E9828B6B-D8DD-34DF-907E-BB1C56CC0B99}.Debug|x64.ActiveCfg = Debug|x64
		{E9828B6B-D8DD-34DF-907E-BB1C56CC0B99}.Debug|x64.Build.0 = Debug|x64
		{E9828B6B-D8DD-34DF-907E-BB1C56CC0B99}.Release|x64.ActiveCfg = Release|x64
		{E9828B6B-D8DD-34DF-907E-BB1C56CC0B99}.Release|x64.Build.0 = Release|x64
		{E9828B6B-D8DD-34DF-907E-BB1C56CC0B99}.MinSizeRel|x64.ActiveCfg = MinSizeRel|x64
		{E9828B6B-D8DD-34DF-907E-BB1C56CC0B99}.MinSizeRel|x64.Build.0 = MinSizeRel|x64
		{E9828B6B-D8DD-34DF-907E-BB1C56CC0B99}.RelWithDebInfo|x64.ActiveCfg = RelWithDebInfo|x64
		{E9828B6B-D8DD-34DF-907E-BB1C56CC0B99}.RelWithDebInfo|x64.Build.0 = RelWithDebInfo|x64
		{13C335B7-2C7F-3A13-8819-AC0B08FB5454}.Debug|x64.ActiveCfg = Debug|x64
		{13C335B7-2C7F-3A13-8819-AC0B08FB5454}.Debug|x64.Build.0 = Debug|x64
		{13C335B7-2C7F-3A13-8819-AC0B08FB5454}.Release|x64.ActiveCfg = Release|x64
		{13C335B7-2C7F-3A13-8819-AC0B08FB5454}.Release|x64.Build.0 = Release|x64
		{13C335B7-2C7F-3A13-8819-AC0B08FB5454}.MinSizeRel|x64.ActiveCfg = MinSizeRel|x64
		{13C335B7-2C7F-3A13-8819-AC0B08FB5454}.MinSizeRel|x64.Build.0 = MinSizeRel|x64
		{13C335B7-2C7F-3A13-8819-AC0B08FB5454}.RelWithDebInfo|x64.ActiveCfg = RelWithDebInfo|x64
		{13C335B7-2C7F-3A13-8819-AC0B08FB5454}.RelWithDebInfo|x64.Build.0 = RelWithDebInfo|x64
		{671BD71E-A206-31E0-B7BF-EE1B3F5E7A0E}.Debug|x64.ActiveCfg = Debug|x64
		{671BD71E-A206-31E0-B7BF-EE1B3F5E7A0E}.Debug|x64.Build.0 = Debug|x64
		{671BD71E-A206-31E0-B7BF-EE1B3F5E7A0E}.Release|x64.ActiveCfg = Release|x64
		{671BD71E-A206-31E0-B7BF-EE1B3F5E7A0E}.Release|x64.Build.0 = Release|x64
		{671BD71E-A206-31E0-B7BF-EE1B3F5E7A0E}.MinSizeRel|x64.ActiveCfg = MinSizeRel|x64
		{671BD71E-A206-31E0-B7BF-EE1B3F5E7A0E}.MinSizeRel|x64.Build.0 = MinSizeRel|x64
		{671BD71E-A206-31E0-B7BF-EE1B3F5E7A0E}.RelWithDebInfo|x64.ActiveCfg = RelWithDebInfo|x64
		{671BD71E-A206-31E0-B7BF-EE1B3F5E7A0E}.RelWithDebInfo|x64.Build.0 = RelWithDebInfo|x64
		{8D75B2A0-8187-3735-B262-941D96E390B5}.Debug|x64.ActiveCfg = Debug|x64
		{8D75B2A0-8187-3735-B262-941D96E390B5}.Debug|x64.Build.0 = Debug|x64
		{8D75B2A0-8187-3735-B262-941D96E390B5}.Release|x64.ActiveCfg = Release|x64
		{8D75B2A0-8187-3735-B262-941D96E390B5}.Release|x64.Build.0 = Release|x64
		{8D75B2A0-8187-3735-B262-941D96E390B5}.MinSizeRel|x64.ActiveCfg = MinSizeRel|x64
		{8D75B2A0-8187-3735-B262-941D96E390B5}.MinSizeRel|x64.Build.0 = MinSizeRel|x64
		{8D75B2A0-8187-3735-B262-941D96E390B5}.RelWithDebInfo|x64.ActiveCfg = RelWithDebInfo|x64
		{8D75B2A0-8187-3735-B262-941D96E390B5}.RelWithDebInfo|x64.Build.0 = RelWithDebInfo|x64
		{B733C616-55B3-34B2-B894-685EF1836CCF}.Debug|x64.ActiveCfg = Debug|x64
		{B733C616-55B3-34B2-B894-685EF1836CCF}.Debug|x64.Build.0 = Debug|x64
		{B733C616-55B3-34B2-B894-685EF1836CCF}.Release|x64.ActiveCfg = Release|x64
		{B733C616-55B3-34B2-B894-685EF1836CCF}.Release|x64.Build.0 = Release|x64
		{B733C616-55B3-34B2-B894-685EF1836CCF}.MinSizeRel|x64.ActiveCfg = MinSizeRel|x64
		{B733C616-55B3-34B2-B894-685EF1836CCF}.MinSizeRel|x64.Build.0 = MinSizeRel|x64
		{B733C616-55B3-34B2-B894-685EF1836CCF}.RelWithDebInfo|x64.ActiveCfg = RelWithDebInfo|x64
		{B733C616-55B3-34B2-B894-685EF1836CCF}.RelWithDebInfo|x64.Build.0 = RelWithDebInfo|x64
		{958B3EE2-3942-3B10-B7D5-FDCA41C0E7C2}.Debug|x64.ActiveCfg = Debug|x64
		{958B3EE2-3942-3B10-B7D5-FDCA41C0E7C2}.Debug|x64.Build.0 = Debug|x64
		{958B3EE2-3942-3B10-B7D5-FDCA41C0E7C2}.Release|x64.ActiveCfg = Release|x64
		{958B3EE2-3942-3B10-B7D5-FDCA41C0E7C2}.Release|x64.Build.0 = Release|x64
		{958B3EE2-3942-3B10-B7D5-FDCA41C0E7C2}.MinSizeRel|x64.ActiveCfg = MinSizeRel|x64
		{958B3EE2-3942-3B10-B7D5-FDCA41C0E7C2}.MinSizeRel|x64.Build.0 = MinSizeRel|x64
		{958B3EE2-3942-3B10-B7D5-FDCA41C0E7C2}.RelWithDebInfo|x64.ActiveCfg = RelWithDebInfo|x64
		{958B3EE2-3942-3B10-B7D5-FDCA41C0E7C2}.RelWithDebInfo|x64.Build.0 = RelWithDebInfo|x64
		{9A03B80D-E242-3B8E-AEA8-575A1BD51FCF}.Debug|x64.ActiveCfg = Debug|x64
		{9A03B80D-E242-3B8E-AEA8-575A1BD51FCF}.Debug|x64.Build.0 = Debug|x64
		{9A03B80D-E242-3B8E-AEA8-575A1BD51FCF}.Release|x64.ActiveCfg = Release|x64
		{9A03B80D-E242-3B8E-AEA8-575A1BD51FCF}.Release|x64.Build.0 = Release|x64
		{9A03B80D-E242-3B8E-AEA8-575A1BD51FCF}.MinSizeRel|x64.ActiveCfg = MinSizeRel|x64
		{9A03B80D-E242-3B8E-AEA8-575A1BD51FCF}.MinSizeRel|x64.Build.0 = MinSizeRel|x64
		{9A03B80D-E242-3B8E-AEA8-575A1BD51FCF}.RelWithDebInfo|x64.ActiveCfg = RelWithDebInfo|x64
		{9A03B80D-E242-3B8E-AEA8-575A1BD51FCF}.RelWithDebInfo|x64.Build.0 = RelWithDebInfo|x64
		{978C0868-416F-3EF2-B268-93FF7D2A03C1}.Debug|x64.ActiveCfg = Debug|x64
		{978C0868-416F-3EF2-B268-93FF7D2A03C1}.Debug|x64.Build.0 = Debug|x64
		{978C0868-416F-3EF2-B268-93FF7D2A03C1}.Release|x64.ActiveCfg = Release|x64
		{978C0868-416F-3EF2-B268-93FF7D2A03C1}.Release|x64.Build.0 = Release|x64
		{978C0868-416F-3EF2-B268-93FF7D2A03C1}.MinSizeRel|x64.ActiveCfg = MinSizeRel|x64
		{978C0868-416F-3EF2-B268-93FF7D2A03C1}.MinSizeRel|x64.Build.0 = MinSizeRel|x64
		{978C0868-416F-3EF2-B268-93FF7D2A03C1}.RelWithDebInfo|x64.ActiveCfg = RelWithDebInfo|x64
		{978C0868-416F-3EF2-B268-93FF7D2A03C1}.RelWithDebInfo|x64.Build.0 = RelWithDebInfo|x64
		{A15F3F42-64D4-36B7-8BBA-CCA35E19AFDA}.Debug|x64.ActiveCfg = Debug|x64
		{A15F3F42-64D4-36B7-8BBA-CCA35E19AFDA}.Debug|x64.Build.0 = Debug|x64
		{A15F3F42-64D4-36B7-8BBA-CCA35E19AFDA}.Release|x64.ActiveCfg = Release|x64
		{A15F3F42-64D4-36B7-8BBA-CCA35E19AFDA}.Release|x64.Build.0 = Release|x64
		{A15F3F42-64D4-36B7-8BBA-CCA35E19AFDA}.MinSizeRel|x64.ActiveCfg = MinSizeRel|x64
		{A15F3F42-64D4-36B7-8BBA-CCA35E19AFDA}.MinSizeRel|x64.Build.0 = MinSizeRel|x64
		{A15F3F42-64D4-36B7-8BBA-CCA35E19AFDA}.RelWithDebInfo|x64.ActiveCfg = RelWithDebInfo|x64
		{A15F3F42-64D4-36B7-8BBA-CCA35E19AFDA}.RelWithDebInfo|x64.Build.0 = RelWithDebInfo|x64
		{CA0A99D7-2265-3EF5-AC46-16C9898627B6}.Debug|x64.ActiveCfg = Debug|x64
		{CA0A99D7-2265-3EF5-AC46-16C9898627B6}.Debug|x64.Build.0 = Debug|x64
		{CA0A99D7-2265-3EF5-AC46-16C9898627B6}.Release|x64.ActiveCfg = Release|x64
		{CA0A99D7-2265-3EF5-AC46-16C9898627B6}.Release|x64.Build.0 = Release|x64
		{CA0A99D7-2265-3EF5-AC46-16C9898627B6}.MinSizeRel|x64.ActiveCfg = MinSizeRel|x64
		{CA0A99D7-2265-3EF5-AC46-16C9898627B6}.MinSizeRel|x64.Build.0 = MinSizeRel|x64
		{CA0A99D7-2265-3EF5-AC46-16C9898627B6}.RelWithDebInfo|x64.ActiveCfg = RelWithDebInfo|x64
		{CA0A99D7-2265-3EF5-AC46-16C9898627B6}.RelWithDebInfo|x64.Build.0 = RelWithDebInfo|x64
		{57A835F8-7F51-3082-8491-42B473D831BC}.Debug|x64.ActiveCfg = Debug|x64
		{57A835F8-7F51-3082-8491-42B473D831BC}.Debug|x64.Build.0 = Debug|x64
		{57A835F8-7F51-3082-8491-42B473D831BC}.Release|x64.ActiveCfg = Release|x64
		{57A835F8-7F51-3082-8491-42B473D831BC}.Release|x64.Build.0 = Release|x64
		{57A835F8-7F51-3082-8491-42B473D831BC}.MinSizeRel|x64.ActiveCfg = MinSizeRel|x64
		{57A835F8-7F51-3082-8491-42B473D831BC}.MinSizeRel|x64.Build.0 = MinSizeRel|x64
		{57A835F8-7F51-3082-8491-42B473D831BC}.RelWithDebInfo|x64.ActiveCfg = RelWithDebInfo|x64
		{57A835F8-7F51-3082-8491-42B473D831BC}.RelWithDebInfo|x64.Build.0 = RelWithDebInfo|x64
		{19E09734-43B1-3E4B-90D8-ACCCB3C55971}.Debug|x64.ActiveCfg = Debug|x64
		{19E09734-43B1-3E4B-90D8-ACCCB3C55971}.Debug|x64.Build.0 = Debug|x64
		{19E09734-43B1-3E4B-90D8-ACCCB3C55971}.Release|x64.ActiveCfg = Release|x64
		{19E09734-43B1-3E4B-90D8-ACCCB3C55971}.Release|x64.Build.0 = Release|x64
		{19E09734-43B1-3E4B-90D8-ACCCB3C55971}.MinSizeRel|x64.ActiveCfg = MinSizeRel|x64
		{19E09734-43B1-3E4B-90D8-ACCCB3C55971}.MinSizeRel|x64.Build.0 = MinSizeRel|x64
		{19E09734-43B1-3E4B-90D8-ACCCB3C55971}.RelWithDebInfo|x64.ActiveCfg = RelWithDebInfo|x64
		{19E09734-43B1-3E4B-90D8-ACCCB3C55971}.RelWithDebInfo|x64.Build.0 = RelWithDebInfo|x64
		{CBB25769-4FBF-3DC6-8C7E-41BC01B477AF}.Debug|x64.ActiveCfg = Debug|x64
		{CBB25769-4FBF-3DC6-8C7E-41BC01B477AF}.Debug|x64.Build.0 = Debug|x64
		{CBB25769-4FBF-3DC6-8C7E-41BC01B477AF}.Release|x64.ActiveCfg = Release|x64
		{CBB25769-4FBF-3DC6-8C7E-41BC01B477AF}.Release|x64.Build.0 = Release|x64
		{CBB25769-4FBF-3DC6-8C7E-41BC01B477AF}.MinSizeRel|x64.ActiveCfg = MinSizeRel|x64
		{CBB25769-4FBF-3DC6-8C7E-41BC01B477AF}.MinSizeRel|x64.Build.0 = MinSizeRel|x64
		{CBB25769-4FBF-3DC6-8C7E-41BC01B477AF}.RelWithDebInfo|x64.ActiveCfg = RelWithDebInfo|x64
		{CBB25769-4FBF-3DC6-8C7E-41BC01B477AF}.RelWithDebInfo|x64.Build.0 = RelWithDebInfo|x64
		{6AAC6BED-CBA5-3BB3-8B40-42231C30BD56}.Debug|x64.ActiveCfg = Debug|x64
		{6AAC6BED-CBA5-3BB3-8B40-42231C30BD56}.Debug|x64.Build.0 = Debug|x64
		{6AAC6BED-CBA5-3BB3-8B40-42231C30BD56}.Release|x64.ActiveCfg = Release|x64
		{6AAC6BED-CBA5-3BB3-8B40-42231C30BD56}.Release|x64.Build.0 = Release|x64
		{6AAC6BED-CBA5-3BB3-8B40-42231C30BD56}.MinSizeRel|x64.ActiveCfg = MinSizeRel|x64
		{6AAC6BED-CBA5-3BB3-8B40-42231C30BD56}.MinSizeRel|x64.Build.0 = MinSizeRel|x64
		{6AAC6BED-CBA5-3BB3-8B40-42231C30BD56}.RelWithDebInfo|x64.ActiveCfg = RelWithDebInfo|x64
		{6AAC6BED-CBA5-3BB3-8B40-42231C30BD56}.RelWithDebInfo|x64.Build.0 = RelWithDebInfo|x64
	EndGlobalSection
	GlobalSection(ExtensibilityGlobals) = postSolution
		SolutionGuid = {63A8FAB4-6C87-3D21-9AFD-E357D8D23CB9}
	EndGlobalSection
	GlobalSection(ExtensibilityAddIns) = postSolution
	EndGlobalSection
EndGlobal
